
Microsoft Visual Studio Solution File, Format Version 12.00
# Visual Studio Version 17
VisualStudioVersion = 17.12.35506.116 d17.12
MinimumVisualStudioVersion = 10.0.40219.1
Project("{FAE04EC0-301F-11D3-BF4B-00C04F79EFBC}") = "LemonSqueezy.SDK", "LemonSqueezy.SDK\LemonSqueezy.SDK.csproj", "{A29BCAB8-1C37-4A1C-9001-597E95874C41}"
EndProject
Project("{FAE04EC0-301F-11D3-BF4B-00C04F79EFBC}") = "SDKDemo", "SDKDemo\SDKDemo.csproj", "{DEBA6588-B31A-4154-8613-5B5251DEE43D}"
EndProject
Global
	GlobalSection(SolutionConfigurationPlatforms) = preSolution
		Debug|Any CPU = Debug|Any CPU
		Release|Any CPU = Release|Any CPU
	EndGlobalSection
	GlobalSection(ProjectConfigurationPlatforms) = postSolution
		{A29BCAB8-1C37-4A1C-9001-597E95874C41}.Debug|Any CPU.ActiveCfg = Debug|Any CPU
		{A29BCAB8-1C37-4A1C-9001-597E95874C41}.Debug|Any CPU.Build.0 = Debug|Any CPU
		{A29BCAB8-1C37-4A1C-9001-597E95874C41}.Release|Any CPU.ActiveCfg = Release|Any CPU
		{A29BCAB8-1C37-4A1C-9001-597E95874C41}.Release|Any CPU.Build.0 = Release|Any CPU
		{DEBA6588-B31A-4154-8613-5B5251DEE43D}.Debug|Any CPU.ActiveCfg = Debug|Any CPU
		{DEBA6588-B31A-4154-8613-5B5251DEE43D}.Debug|Any CPU.Build.0 = Debug|Any CPU
		{DEBA6588-B31A-4154-8613-5B5251DEE43D}.Release|Any CPU.ActiveCfg = Release|Any CPU
		{DEBA6588-B31A-4154-8613-5B5251DEE43D}.Release|Any CPU.Build.0 = Release|Any CPU
	EndGlobalSection
	GlobalSection(SolutionProperties) = preSolution
		HideSolutionNode = FALSE
	EndGlobalSection
EndGlobal
